github.com/joho/godotenv v1.5.1 h1:7eLL/+HRGLY0ldzfGMeQkb7vMd0as4CfYvUVzLqw0N0=
github.com/joho/godotenv v1.5.1/go.mod h1:f4LDr5Voq0i2e/R5DDNOoa2zzDfwtkZa6DnEwAbqwq4=
github.com/medatechnology/goutil v1.2.1 h1:F3M2Qfje0d9zEfN2yei1H+9/3nWynjtDhR8GCYSzEEQ=
github.com/medatechnology/goutil v1.2.1/go.mod h1:KpA5t7UvM6TOsSamUl/lzdfzjS67//MTCT2NeBockbg=
